
Microsoft Visual Studio Solution File, Format Version 10.00
# Visual Studio 2008
Project("{FAE04EC0-301F-11D3-BF4B-00C04F79EFBC}") = "WindowsLiveLogin", "WindowsLiveLogin.csproj", "{582C1671-18E4-4D27-8034-7FDF869FC486}"
EndProject
Global
	GlobalSection(SourceCodeControl) = preSolution
		SccNumberOfProjects = 1
		SccProjectUniqueName0 = WindowsLiveLogin.csproj
		SccProjectName0 = \u0022$/Windows\u0020Live\u0020Quick\u0020Apps/SocialNetwork/WLQuickApps.SocialNetwork/WindowsLiveLogin\u0022,\u0020XSFAAAAA
		SccLocalPath0 = .
		SccProvider0 = MSSCCI:Microsoft\u0020Visual\u0020SourceSafe
	EndGlobalSection
	GlobalSection(SolutionConfigurationPlatforms) = preSolution
		Debug|Any CPU = Debug|Any CPU
		Release|Any CPU = Release|Any CPU
	EndGlobalSection
	GlobalSection(ProjectConfigurationPlatforms) = postSolution
		{582C1671-18E4-4D27-8034-7FDF869FC486}.Debug|Any CPU.ActiveCfg = Debug|Any CPU
		{582C1671-18E4-4D27-8034-7FDF869FC486}.Debug|Any CPU.Build.0 = Debug|Any CPU
		{582C1671-18E4-4D27-8034-7FDF869FC486}.Release|Any CPU.ActiveCfg = Release|Any CPU
		{582C1671-18E4-4D27-8034-7FDF869FC486}.Release|Any CPU.Build.0 = Release|Any CPU
	EndGlobalSection
	GlobalSection(SolutionProperties) = preSolution
		HideSolutionNode = FALSE
	EndGlobalSection
EndGlobal
